<?xml version="1.0" encoding="utf-8"?>
<Project ToolsVersion="4.0" xmlns="http://schemas.microsoft.com/developer/msbuild/2003">
  <ItemGroup>
    <Filter Include="ACFT">
      <UniqueIdentifier>{83DA817C-6F11-830D-18FE-68100414FF0E}</UniqueIdentifier>
    </Filter>
    <Filter Include="ACFT\src">
      <UniqueIdentifier>{1A223D47-06EF-9752-2F08-86FA1B34CDE0}</UniqueIdentifier>
    </Filter>
    <Filter Include="ACFT\src\Controller">
      <UniqueIdentifier>{6D69A8F6-D9CA-8504-6238-CCB6CE98BCC3}</UniqueIdentifier>
    </Filter>
    <Filter Include="ACFT\src\Event">
      <UniqueIdentifier>{EB4E3E81-D71C-3287-C0B0-A2ADAC1D0EEC}</UniqueIdentifier>
    </Filter>
    <Filter Include="ACFT\src\Log">
      <UniqueIdentifier>{EBB6EF06-D719-7FAB-809F-B7616CE14A2E}</UniqueIdentifier>
    </Filter>
    <Filter Include="ACFT\src\Rendering">
      <UniqueIdentifier>{E7D3ED5A-D3B7-AEB0-3C18-A903281B9932}</UniqueIdentifier>
    </Filter>
    <Filter Include="ACFT\src\Rendering\GLImpls">
      <UniqueIdentifier>{6E768615-5A86-32E6-C33F-9704AF6E217F}</UniqueIdentifier>
    </Filter>
    <Filter Include="ACFT\src\Util">
      <UniqueIdentifier>{A799EBE4-135A-671B-DC94-B0984814ACF7}</UniqueIdentifier>
    </Filter>
    <Filter Include="src">
      <UniqueIdentifier>{2DAB880B-99B4-887C-2230-9F7C8E38947C}</UniqueIdentifier>
    </Filter>
  </ItemGroup>
  <ItemGroup>
    <ClCompile Include="..\ACFT\src\ACFT.ixx">
      <Filter>ACFT\src</Filter>
    </ClCompile>
    <ClCompile Include="..\ACFT\src\Application.ixx">
      <Filter>ACFT\src</Filter>
    </ClCompile>
    <ClCompile Include="..\ACFT\src\Base_entt.ixx">
      <Filter>ACFT\src</Filter>
    </ClCompile>
    <ClCompile Include="..\ACFT\src\Base_glm.ixx">
      <Filter>ACFT\src</Filter>
    </ClCompile>
    <ClCompile Include="..\ACFT\src\Config.ixx">
      <Filter>ACFT\src</Filter>
    </ClCompile>
    <ClCompile Include="..\ACFT\src\Controller\Input.ixx">
      <Filter>ACFT\src\Controller</Filter>
    </ClCompile>
    <ClCompile Include="..\ACFT\src\Controller\KeyInput.ixx">
      <Filter>ACFT\src\Controller</Filter>
    </ClCompile>
    <ClCompile Include="..\ACFT\src\Controller\MouseInput.ixx">
      <Filter>ACFT\src\Controller</Filter>
    </ClCompile>
    <ClCompile Include="..\ACFT\src\Event\Event.ixx">
      <Filter>ACFT\src\Event</Filter>
    </ClCompile>
    <ClCompile Include="..\ACFT\src\Event\EventInfo.ixx">
      <Filter>ACFT\src\Event</Filter>
    </ClCompile>
    <ClCompile Include="..\ACFT\src\Log\Log.ixx">
      <Filter>ACFT\src\Log</Filter>
    </ClCompile>
    <ClCompile Include="..\ACFT\src\Rendering\Atlas.ixx">
      <Filter>ACFT\src\Rendering</Filter>
    </ClCompile>
    <ClCompile Include="..\ACFT\src\Rendering\Camera.ixx">
      <Filter>ACFT\src\Rendering</Filter>
    </ClCompile>
    <ClCompile Include="..\ACFT\src\Rendering\GLImpls\GLIndexBuffer.ixx">
      <Filter>ACFT\src\Rendering\GLImpls</Filter>
    </ClCompile>
    <ClCompile Include="..\ACFT\src\Rendering\GLImpls\GLIndexBuilder.ixx">
      <Filter>ACFT\src\Rendering\GLImpls</Filter>
    </ClCompile>
    <ClCompile Include="..\ACFT\src\Rendering\GLImpls\GLShader.ixx">
      <Filter>ACFT\src\Rendering\GLImpls</Filter>
    </ClCompile>
    <ClCompile Include="..\ACFT\src\Rendering\GLImpls\GLVertexArray.ixx">
      <Filter>ACFT\src\Rendering\GLImpls</Filter>
    </ClCompile>
    <ClCompile Include="..\ACFT\src\Rendering\GLImpls\GLVertexBuffer.ixx">
      <Filter>ACFT\src\Rendering\GLImpls</Filter>
    </ClCompile>
    <ClCompile Include="..\ACFT\src\Rendering\GLImpls\OpenGLRenderer.ixx">
      <Filter>ACFT\src\Rendering\GLImpls</Filter>
    </ClCompile>
    <ClCompile Include="..\ACFT\src\Rendering\GLImpls\OpenGLWindow.ixx">
      <Filter>ACFT\src\Rendering\GLImpls</Filter>
    </ClCompile>
    <ClCompile Include="..\ACFT\src\Rendering\Image.ixx">
      <Filter>ACFT\src\Rendering</Filter>
    </ClCompile>
    <ClCompile Include="..\ACFT\src\Rendering\Layer.ixx">
      <Filter>ACFT\src\Rendering</Filter>
    </ClCompile>
    <ClCompile Include="..\ACFT\src\Rendering\Renderer.ixx">
      <Filter>ACFT\src\Rendering</Filter>
    </ClCompile>
    <ClCompile Include="..\ACFT\src\Rendering\Shader.ixx">
      <Filter>ACFT\src\Rendering</Filter>
    </ClCompile>
    <ClCompile Include="..\ACFT\src\Rendering\Sprite.ixx">
      <Filter>ACFT\src\Rendering</Filter>
    </ClCompile>
    <ClCompile Include="..\ACFT\src\Rendering\Tesselator.ixx">
      <Filter>ACFT\src\Rendering</Filter>
    </ClCompile>
    <ClCompile Include="..\ACFT\src\Rendering\Texture.ixx">
      <Filter>ACFT\src\Rendering</Filter>
    </ClCompile>
    <ClCompile Include="..\ACFT\src\Rendering\Vertex.ixx">
      <Filter>ACFT\src\Rendering</Filter>
    </ClCompile>
    <ClCompile Include="..\ACFT\src\Rendering\Window.ixx">
      <Filter>ACFT\src\Rendering</Filter>
    </ClCompile>
    <ClCompile Include="..\ACFT\src\Types.ixx">
      <Filter>ACFT\src</Filter>
    </ClCompile>
    <ClCompile Include="..\ACFT\src\UUID.ixx">
      <Filter>ACFT\src</Filter>
    </ClCompile>
    <ClCompile Include="..\ACFT\src\Util\Direction.ixx">
      <Filter>ACFT\src\Util</Filter>
    </ClCompile>
    <ClCompile Include="..\ACFT\src\Util\LockfreeQueue.ixx">
      <Filter>ACFT\src\Util</Filter>
    </ClCompile>
    <ClCompile Include="..\ACFT\src\Util\MathHelper.ixx">
      <Filter>ACFT\src\Util</Filter>
    </ClCompile>
    <ClCompile Include="..\ACFT\src\Util\Node.ixx">
      <Filter>ACFT\src\Util</Filter>
    </ClCompile>
    <ClCompile Include="..\ACFT\src\Util\RefCount.ixx">
      <Filter>ACFT\src\Util</Filter>
    </ClCompile>
    <ClCompile Include="..\ACFT\src\Util\Timer.ixx">
      <Filter>ACFT\src\Util</Filter>
    </ClCompile>
    <ClCompile Include="src\Sandbox.cpp">
      <Filter>src</Filter>
    </ClCompile>
  </ItemGroup>
</Project>