<?xml version="1.0" encoding="utf-8"?>
<Project ToolsVersion="4.0" xmlns="http://schemas.microsoft.com/developer/msbuild/2003">
  <ItemGroup>
    <Filter Include="Controller">
      <UniqueIdentifier>{E9A3153E-D55B-578B-3E63-30E72A3AF27B}</UniqueIdentifier>
    </Filter>
    <Filter Include="Event">
      <UniqueIdentifier>{E70B220D-5320-4ABE-1CA2-ED1D887546EF}</UniqueIdentifier>
    </Filter>
    <Filter Include="Log">
      <UniqueIdentifier>{E704880B-530E-887C-DC89-9E7C4892937C}</UniqueIdentifier>
    </Filter>
    <Filter Include="Rendering">
      <UniqueIdentifier>{E3AE1F7C-4F19-D4F2-9857-85980401B247}</UniqueIdentifier>
    </Filter>
    <Filter Include="Rendering\GLImpls">
      <UniqueIdentifier>{6A8D717A-D6A3-6F10-1F1B-FB318B704098}</UniqueIdentifier>
    </Filter>
    <Filter Include="Util">
      <UniqueIdentifier>{23A78D7C-0FDE-8E0D-B8CA-7410A4E00A0F}</UniqueIdentifier>
    </Filter>
  </ItemGroup>
  <ItemGroup>
    <ClInclude Include="src\ACFTEngine.h" />
    <ClInclude Include="src\Platform.h" />
    <ClInclude Include="src\Rendering\GLImpls\gldbg.h">
      <Filter>Rendering\GLImpls</Filter>
    </ClInclude>
  </ItemGroup>
  <ItemGroup>
    <ClCompile Include="src\ACFT.ixx" />
    <ClCompile Include="src\Application.cpp" />
    <ClCompile Include="src\Application.ixx" />
    <ClCompile Include="src\Base_entt.ixx" />
    <ClCompile Include="src\Base_glm.ixx" />
    <ClCompile Include="src\Config.cpp" />
    <ClCompile Include="src\Config.ixx" />
    <ClCompile Include="src\Controller\Input.cpp">
      <Filter>Controller</Filter>
    </ClCompile>
    <ClCompile Include="src\Controller\Input.ixx">
      <Filter>Controller</Filter>
    </ClCompile>
    <ClCompile Include="src\Controller\KeyInput.ixx">
      <Filter>Controller</Filter>
    </ClCompile>
    <ClCompile Include="src\Controller\MouseInput.ixx">
      <Filter>Controller</Filter>
    </ClCompile>
    <ClCompile Include="src\Event\Event.cpp">
      <Filter>Event</Filter>
    </ClCompile>
    <ClCompile Include="src\Event\Event.ixx">
      <Filter>Event</Filter>
    </ClCompile>
    <ClCompile Include="src\Event\EventInfo.ixx">
      <Filter>Event</Filter>
    </ClCompile>
    <ClCompile Include="src\Log\Log.cpp">
      <Filter>Log</Filter>
    </ClCompile>
    <ClCompile Include="src\Log\Log.ixx">
      <Filter>Log</Filter>
    </ClCompile>
    <ClCompile Include="src\Rendering\Atlas.cpp">
      <Filter>Rendering</Filter>
    </ClCompile>
    <ClCompile Include="src\Rendering\Atlas.ixx">
      <Filter>Rendering</Filter>
    </ClCompile>
    <ClCompile Include="src\Rendering\Camera.cpp">
      <Filter>Rendering</Filter>
    </ClCompile>
    <ClCompile Include="src\Rendering\Camera.ixx">
      <Filter>Rendering</Filter>
    </ClCompile>
    <ClCompile Include="src\Rendering\GLImpls\GLIndexBuffer.cpp">
      <Filter>Rendering\GLImpls</Filter>
    </ClCompile>
    <ClCompile Include="src\Rendering\GLImpls\GLIndexBuffer.ixx">
      <Filter>Rendering\GLImpls</Filter>
    </ClCompile>
    <ClCompile Include="src\Rendering\GLImpls\GLIndexBuilder.cpp">
      <Filter>Rendering\GLImpls</Filter>
    </ClCompile>
    <ClCompile Include="src\Rendering\GLImpls\GLIndexBuilder.ixx">
      <Filter>Rendering\GLImpls</Filter>
    </ClCompile>
    <ClCompile Include="src\Rendering\GLImpls\GLShader.cpp">
      <Filter>Rendering\GLImpls</Filter>
    </ClCompile>
    <ClCompile Include="src\Rendering\GLImpls\GLShader.ixx">
      <Filter>Rendering\GLImpls</Filter>
    </ClCompile>
    <ClCompile Include="src\Rendering\GLImpls\GLTexture.cpp">
      <Filter>Rendering\GLImpls</Filter>
    </ClCompile>
    <ClCompile Include="src\Rendering\GLImpls\GLTexture.ixx">
      <Filter>Rendering\GLImpls</Filter>
    </ClCompile>
    <ClCompile Include="src\Rendering\GLImpls\GLVertexArray.cpp">
      <Filter>Rendering\GLImpls</Filter>
    </ClCompile>
    <ClCompile Include="src\Rendering\GLImpls\GLVertexArray.ixx">
      <Filter>Rendering\GLImpls</Filter>
    </ClCompile>
    <ClCompile Include="src\Rendering\GLImpls\GLVertexBuffer.cpp">
      <Filter>Rendering\GLImpls</Filter>
    </ClCompile>
    <ClCompile Include="src\Rendering\GLImpls\GLVertexBuffer.ixx">
      <Filter>Rendering\GLImpls</Filter>
    </ClCompile>
    <ClCompile Include="src\Rendering\GLImpls\OpenGLRenderer.cpp">
      <Filter>Rendering\GLImpls</Filter>
    </ClCompile>
    <ClCompile Include="src\Rendering\GLImpls\OpenGLRenderer.ixx">
      <Filter>Rendering\GLImpls</Filter>
    </ClCompile>
    <ClCompile Include="src\Rendering\GLImpls\OpenGLWindow.cpp">
      <Filter>Rendering\GLImpls</Filter>
    </ClCompile>
    <ClCompile Include="src\Rendering\GLImpls\OpenGLWindow.ixx">
      <Filter>Rendering\GLImpls</Filter>
    </ClCompile>
    <ClCompile Include="src\Rendering\Image.cpp">
      <Filter>Rendering</Filter>
    </ClCompile>
    <ClCompile Include="src\Rendering\Image.ixx">
      <Filter>Rendering</Filter>
    </ClCompile>
    <ClCompile Include="src\Rendering\Layer.cpp">
      <Filter>Rendering</Filter>
    </ClCompile>
    <ClCompile Include="src\Rendering\Layer.ixx">
      <Filter>Rendering</Filter>
    </ClCompile>
    <ClCompile Include="src\Rendering\Renderer.cpp">
      <Filter>Rendering</Filter>
    </ClCompile>
    <ClCompile Include="src\Rendering\Renderer.ixx">
      <Filter>Rendering</Filter>
    </ClCompile>
    <ClCompile Include="src\Rendering\Shader.ixx">
      <Filter>Rendering</Filter>
    </ClCompile>
    <ClCompile Include="src\Rendering\Sprite.cpp">
      <Filter>Rendering</Filter>
    </ClCompile>
    <ClCompile Include="src\Rendering\Sprite.ixx">
      <Filter>Rendering</Filter>
    </ClCompile>
    <ClCompile Include="src\Rendering\Tesselator.cpp">
      <Filter>Rendering</Filter>
    </ClCompile>
    <ClCompile Include="src\Rendering\Tesselator.ixx">
      <Filter>Rendering</Filter>
    </ClCompile>
    <ClCompile Include="src\Rendering\Texture.ixx">
      <Filter>Rendering</Filter>
    </ClCompile>
    <ClCompile Include="src\Rendering\Vertex.cpp">
      <Filter>Rendering</Filter>
    </ClCompile>
    <ClCompile Include="src\Rendering\Vertex.ixx">
      <Filter>Rendering</Filter>
    </ClCompile>
    <ClCompile Include="src\Rendering\Window.cpp">
      <Filter>Rendering</Filter>
    </ClCompile>
    <ClCompile Include="src\Rendering\Window.ixx">
      <Filter>Rendering</Filter>
    </ClCompile>
    <ClCompile Include="src\Types.ixx" />
    <ClCompile Include="src\UUID.cpp" />
    <ClCompile Include="src\UUID.ixx" />
    <ClCompile Include="src\Util\Direction.ixx">
      <Filter>Util</Filter>
    </ClCompile>
    <ClCompile Include="src\Util\LockfreeQueue.ixx">
      <Filter>Util</Filter>
    </ClCompile>
    <ClCompile Include="src\Util\MathHelper.ixx">
      <Filter>Util</Filter>
    </ClCompile>
    <ClCompile Include="src\Util\Node.ixx">
      <Filter>Util</Filter>
    </ClCompile>
    <ClCompile Include="src\Util\RefCount.cpp">
      <Filter>Util</Filter>
    </ClCompile>
    <ClCompile Include="src\Util\RefCount.ixx">
      <Filter>Util</Filter>
    </ClCompile>
    <ClCompile Include="src\Util\Timer.ixx">
      <Filter>Util</Filter>
    </ClCompile>
  </ItemGroup>
</Project>